
Microsoft Visual Studio Solution File, Format Version 12.00
# Visual Studio Version 16
VisualStudioVersion = 16.0.31313.79
MinimumVisualStudioVersion = 10.0.40219.1
Project("{9A19103F-16F7-4668-BE54-9A1E7A4F7556}") = "DoveTailQuestion2And3", "DoveTailQuestion2And3\DoveTailQuestion2And3.csproj", "{0EEDE323-DEDC-4D9A-A701-6CA52225EF5B}"
EndProject
Project("{9A19103F-16F7-4668-BE54-9A1E7A4F7556}") = "DoveTailQuestion2And3Test", "DoveTailQuestion2And3Test\DoveTailQuestion2And3Test\DoveTailQuestion2And3Test.csproj", "{017B45C1-E862-484E-8E8A-F4A587B8B717}"
EndProject
Global
	GlobalSection(SolutionConfigurationPlatforms) = preSolution
		Debug|Any CPU = Debug|Any CPU
		Release|Any CPU = Release|Any CPU
	EndGlobalSection
	GlobalSection(ProjectConfigurationPlatforms) = postSolution
		{0EEDE323-DEDC-4D9A-A701-6CA52225EF5B}.Debug|Any CPU.ActiveCfg = Debug|Any CPU
		{0EEDE323-DEDC-4D9A-A701-6CA52225EF5B}.Debug|Any CPU.Build.0 = Debug|Any CPU
		{0EEDE323-DEDC-4D9A-A701-6CA52225EF5B}.Release|Any CPU.ActiveCfg = Release|Any CPU
		{0EEDE323-DEDC-4D9A-A701-6CA52225EF5B}.Release|Any CPU.Build.0 = Release|Any CPU
		{017B45C1-E862-484E-8E8A-F4A587B8B717}.Debug|Any CPU.ActiveCfg = Debug|Any CPU
		{017B45C1-E862-484E-8E8A-F4A587B8B717}.Debug|Any CPU.Build.0 = Debug|Any CPU
		{017B45C1-E862-484E-8E8A-F4A587B8B717}.Release|Any CPU.ActiveCfg = Release|Any CPU
		{017B45C1-E862-484E-8E8A-F4A587B8B717}.Release|Any CPU.Build.0 = Release|Any CPU
	EndGlobalSection
	GlobalSection(SolutionProperties) = preSolution
		HideSolutionNode = FALSE
	EndGlobalSection
	GlobalSection(ExtensibilityGlobals) = postSolution
		SolutionGuid = {35644EB7-1CA4-458C-9B91-B7C7702E37BC}
	EndGlobalSection
EndGlobal
